
Microsoft Visual Studio Solution File, Format Version 12.00
# Visual Studio 14
VisualStudioVersion = 14.0.24720.0
MinimumVisualStudioVersion = 10.0.40219.1
Project("{FAE04EC0-301F-11D3-BF4B-00C04F79EFBC}") = "MietspiegelOSM", "MietspiegelOSM\MietspiegelOSM.csproj", "{A2652484-CB53-479A-AE09-3ECDC1AF03F9}"
EndProject
Project("{2150E333-8FDC-42A3-9474-1A3956D46DE8}") = "Dependencies", "Dependencies", "{E07FA9DE-2CDB-4267-B57E-8DB5091D8793}"
EndProject
Project("{FAE04EC0-301F-11D3-BF4B-00C04F79EFBC}") = "Illias", "libs\Illias\Illias\Illias.csproj", "{23D37453-2D4E-4BD8-B40F-3E731FEE7712}"
EndProject
Project("{FAE04EC0-301F-11D3-BF4B-00C04F79EFBC}") = "Styx", "libs\Styx\Styx\Styx.csproj", "{AF76ECC0-2CA5-4CFF-9E1E-FF5478C4B6E4}"
EndProject
Project("{FAE04EC0-301F-11D3-BF4B-00C04F79EFBC}") = "Hermod", "libs\Hermod\Hermod\Hermod.csproj", "{477EFD16-3627-4473-957D-44CA9A9DFB79}"
EndProject
Project("{FAE04EC0-301F-11D3-BF4B-00C04F79EFBC}") = "crypto", "libs\BouncyCastle\crypto\crypto.csproj", "{38872A5F-E87E-4FAD-B109-8EB7B2E6A4A0}"
EndProject
Project("{FAE04EC0-301F-11D3-BF4B-00C04F79EFBC}") = "OverpassAPI", "libs\OverpassAPI\OverpassAPI.csproj", "{0669C189-2CDB-43A9-8F8E-7A5E6EBE1FEE}"
EndProject
Global
	GlobalSection(SolutionConfigurationPlatforms) = preSolution
		Debug|Any CPU = Debug|Any CPU
		Release|Any CPU = Release|Any CPU
	EndGlobalSection
	GlobalSection(ProjectConfigurationPlatforms) = postSolution
		{A2652484-CB53-479A-AE09-3ECDC1AF03F9}.Debug|Any CPU.ActiveCfg = Debug|Any CPU
		{A2652484-CB53-479A-AE09-3ECDC1AF03F9}.Debug|Any CPU.Build.0 = Debug|Any CPU
		{A2652484-CB53-479A-AE09-3ECDC1AF03F9}.Release|Any CPU.ActiveCfg = Release|Any CPU
		{A2652484-CB53-479A-AE09-3ECDC1AF03F9}.Release|Any CPU.Build.0 = Release|Any CPU
		{23D37453-2D4E-4BD8-B40F-3E731FEE7712}.Debug|Any CPU.ActiveCfg = Debug|Any CPU
		{23D37453-2D4E-4BD8-B40F-3E731FEE7712}.Debug|Any CPU.Build.0 = Debug|Any CPU
		{23D37453-2D4E-4BD8-B40F-3E731FEE7712}.Release|Any CPU.ActiveCfg = Release|Any CPU
		{23D37453-2D4E-4BD8-B40F-3E731FEE7712}.Release|Any CPU.Build.0 = Release|Any CPU
		{AF76ECC0-2CA5-4CFF-9E1E-FF5478C4B6E4}.Debug|Any CPU.ActiveCfg = Debug|Any CPU
		{AF76ECC0-2CA5-4CFF-9E1E-FF5478C4B6E4}.Debug|Any CPU.Build.0 = Debug|Any CPU
		{AF76ECC0-2CA5-4CFF-9E1E-FF5478C4B6E4}.Release|Any CPU.ActiveCfg = Release|Any CPU
		{AF76ECC0-2CA5-4CFF-9E1E-FF5478C4B6E4}.Release|Any CPU.Build.0 = Release|Any CPU
		{477EFD16-3627-4473-957D-44CA9A9DFB79}.Debug|Any CPU.ActiveCfg = Debug|Any CPU
		{477EFD16-3627-4473-957D-44CA9A9DFB79}.Debug|Any CPU.Build.0 = Debug|Any CPU
		{477EFD16-3627-4473-957D-44CA9A9DFB79}.Release|Any CPU.ActiveCfg = Release|Any CPU
		{477EFD16-3627-4473-957D-44CA9A9DFB79}.Release|Any CPU.Build.0 = Release|Any CPU
		{38872A5F-E87E-4FAD-B109-8EB7B2E6A4A0}.Debug|Any CPU.ActiveCfg = Debug|Any CPU
		{38872A5F-E87E-4FAD-B109-8EB7B2E6A4A0}.Debug|Any CPU.Build.0 = Debug|Any CPU
		{38872A5F-E87E-4FAD-B109-8EB7B2E6A4A0}.Release|Any CPU.ActiveCfg = Release|Any CPU
		{38872A5F-E87E-4FAD-B109-8EB7B2E6A4A0}.Release|Any CPU.Build.0 = Release|Any CPU
		{0669C189-2CDB-43A9-8F8E-7A5E6EBE1FEE}.Debug|Any CPU.ActiveCfg = Debug|Any CPU
		{0669C189-2CDB-43A9-8F8E-7A5E6EBE1FEE}.Debug|Any CPU.Build.0 = Debug|Any CPU
		{0669C189-2CDB-43A9-8F8E-7A5E6EBE1FEE}.Release|Any CPU.ActiveCfg = Release|Any CPU
		{0669C189-2CDB-43A9-8F8E-7A5E6EBE1FEE}.Release|Any CPU.Build.0 = Release|Any CPU
	EndGlobalSection
	GlobalSection(SolutionProperties) = preSolution
		HideSolutionNode = FALSE
	EndGlobalSection
	GlobalSection(NestedProjects) = preSolution
		{23D37453-2D4E-4BD8-B40F-3E731FEE7712} = {E07FA9DE-2CDB-4267-B57E-8DB5091D8793}
		{AF76ECC0-2CA5-4CFF-9E1E-FF5478C4B6E4} = {E07FA9DE-2CDB-4267-B57E-8DB5091D8793}
		{477EFD16-3627-4473-957D-44CA9A9DFB79} = {E07FA9DE-2CDB-4267-B57E-8DB5091D8793}
		{38872A5F-E87E-4FAD-B109-8EB7B2E6A4A0} = {E07FA9DE-2CDB-4267-B57E-8DB5091D8793}
		{0669C189-2CDB-43A9-8F8E-7A5E6EBE1FEE} = {E07FA9DE-2CDB-4267-B57E-8DB5091D8793}
	EndGlobalSection
EndGlobal
